
Microsoft Visual Studio Solution File, Format Version 12.00
# Visual Studio Version 17
VisualStudioVersion = 17.0.31903.59
MinimumVisualStudioVersion = 10.0.40219.1
Project("{2150E333-8FDC-42A3-9474-1A3956D46DE8}") = "src", "src", "{964D465D-F27C-4633-B1EB-32A6EA9FF623}"
EndProject
Project("{FAE04EC0-301F-11D3-BF4B-00C04F79EFBC}") = "Roblox.MonolithRequestContext", "src\monolith-request-context\Roblox.MonolithRequestContext.csproj", "{84BA6384-7843-4454-B575-6F4DE404CEB3}"
EndProject
Global
	GlobalSection(SolutionConfigurationPlatforms) = preSolution
		Debug|Any CPU = Debug|Any CPU
		Release|Any CPU = Release|Any CPU
	EndGlobalSection
	GlobalSection(SolutionProperties) = preSolution
		HideSolutionNode = FALSE
	EndGlobalSection
	GlobalSection(ProjectConfigurationPlatforms) = postSolution
		{84BA6384-7843-4454-B575-6F4DE404CEB3}.Debug|Any CPU.ActiveCfg = Debug|Any CPU
		{84BA6384-7843-4454-B575-6F4DE404CEB3}.Debug|Any CPU.Build.0 = Debug|Any CPU
		{84BA6384-7843-4454-B575-6F4DE404CEB3}.Release|Any CPU.ActiveCfg = Release|Any CPU
		{84BA6384-7843-4454-B575-6F4DE404CEB3}.Release|Any CPU.Build.0 = Release|Any CPU
	EndGlobalSection
	GlobalSection(NestedProjects) = preSolution
		{84BA6384-7843-4454-B575-6F4DE404CEB3} = {964D465D-F27C-4633-B1EB-32A6EA9FF623}
	EndGlobalSection
EndGlobal
